{
  "originHash" : "869ff70709648574da408ef5018457cafc1ba569af3c3d9d71be3cc4e0c0891e",
  "pins" : [
    {
      "identity" : "saneui",
      "kind" : "remoteSourceControl",
      "location" : "https://github.com/sane-apps/SaneUI.git",
      "state" : {
        "revision" : "cd766fdb5f7b75e03ba69a38fca330a4554f00b1"
      }
    },
    {
      "identity" : "sparkle",
      "kind" : "remoteSourceControl",
      "location" : "https://github.com/sparkle-project/Sparkle",
      "state" : {
        "revision" : "066e75a8b3e99962685d6a90cdd5293ebffd9261",
        "version" : "2.9.1"
      }
    }
  ],
  "version" : 3
}
