{
  "originHash" : "c18c231ca1a30b0ab876ec1b7ca708a34868876b7fda66a3c262940ecfdfa0aa",
  "pins" : [
    {
      "identity" : "saneui",
      "kind" : "remoteSourceControl",
      "location" : "https://github.com/sane-apps/SaneUI.git",
      "state" : {
        "revision" : "001fc7f40d8c1315c128ff66c17f2efc3ea0fc96"
      }
    },
    {
      "identity" : "sparkle",
      "kind" : "remoteSourceControl",
      "location" : "https://github.com/sparkle-project/Sparkle",
      "state" : {
        "revision" : "066e75a8b3e99962685d6a90cdd5293ebffd9261",
        "version" : "2.9.1"
      }
    }
  ],
  "version" : 3
}
