{
  "originHash" : "a05bd6048b9588872d5d965e48e589cefdab1bf5e79192133a888071cced36f5",
  "pins" : [
    {
      "identity" : "saneui",
      "kind" : "remoteSourceControl",
      "location" : "https://github.com/sane-apps/SaneUI.git",
      "state" : {
        "revision" : "cc667029eb8027cd6c0e3b8fa995a05a1c985ed9"
      }
    },
    {
      "identity" : "sparkle",
      "kind" : "remoteSourceControl",
      "location" : "https://github.com/sparkle-project/Sparkle",
      "state" : {
        "revision" : "066e75a8b3e99962685d6a90cdd5293ebffd9261",
        "version" : "2.9.1"
      }
    }
  ],
  "version" : 3
}
