{
  "originHash" : "51ff1457a9c88e25cca6da130939389b44b2f0619f9d78859ab5e5d24c62dfb0",
  "pins" : [
    {
      "identity" : "saneui",
      "kind" : "remoteSourceControl",
      "location" : "https://github.com/sane-apps/SaneUI.git",
      "state" : {
        "revision" : "e578dcd77a93124364e063fd1d9f91c09f5c590a"
      }
    },
    {
      "identity" : "sparkle",
      "kind" : "remoteSourceControl",
      "location" : "https://github.com/sparkle-project/Sparkle",
      "state" : {
        "revision" : "066e75a8b3e99962685d6a90cdd5293ebffd9261",
        "version" : "2.9.1"
      }
    }
  ],
  "version" : 3
}
